// !$*UTF8*$!
{
	archiveVersion = 1;
	classes = {
	};
	objectVersion = 46;
	objects = {

/* Begin PBXBuildFile section */
		B8CC8CDD1986D604001762FC /* Foundation.framework in Frameworks */ = {isa = PBXBuildFile; fileRef = B8CC8CDC1986D604001762FC /* Foundation.framework */; };
		B8CC8CDF1986D604001762FC /* CoreGraphics.framework in Frameworks */ = {isa = PBXBuildFile; fileRef = B8CC8CDE1986D604001762FC /* CoreGraphics.framework */; };
		B8CC8CE11986D604001762FC /* UIKit.framework in Frameworks */ = {isa = PBXBuildFile; fileRef = B8CC8CE01986D604001762FC /* UIKit.framework */; };
		B8CC8CE71986D604001762FC /* InfoPlist.strings in Resources */ = {isa = PBXBuildFile; fileRef = B8CC8CE51986D604001762FC /* InfoPlist.strings */; };
		B8CC8CE91986D604001762FC /* main.m in Sources */ = {isa = PBXBuildFile; fileRef = B8CC8CE81986D604001762FC /* main.m */; };
		B8CC8CED1986D604001762FC /* AppDelegate.m in Sources */ = {isa = PBXBuildFile; fileRef = B8CC8CEC1986D604001762FC /* AppDelegate.m */; };
		B8CC8CF01986D604001762FC /* Main.storyboard in Resources */ = {isa = PBXBuildFile; fileRef = B8CC8CEE1986D604001762FC /* Main.storyboard */; };
		B8CC8CF31986D604001762FC /* MasterViewController.m in Sources */ = {isa = PBXBuildFile; fileRef = B8CC8CF21986D604001762FC /* MasterViewController.m */; };
		B8CC8CF61986D604001762FC /* DetailViewController.m in Sources */ = {isa = PBXBuildFile; fileRef = B8CC8CF51986D604001762FC /* DetailViewController.m */; };
		B8CC8CF81986D604001762FC /* Images.xcassets in Resources */ = {isa = PBXBuildFile; fileRef = B8CC8CF71986D604001762FC /* Images.xcassets */; };
		B8CC8CFF1986D604001762FC /* XCTest.framework in Frameworks */ = {isa = PBXBuildFile; fileRef = B8CC8CFE1986D604001762FC /* XCTest.framework */; };
		B8CC8D001986D604001762FC /* Foundation.framework in Frameworks */ = {isa = PBXBuildFile; fileRef = B8CC8CDC1986D604001762FC /* Foundation.framework */; };
		B8CC8D011986D604001762FC /* UIKit.framework in Frameworks */ = {isa = PBXBuildFile; fileRef = B8CC8CE01986D604001762FC /* UIKit.framework */; };
		B8CC8D091986D604001762FC /* InfoPlist.strings in Resources */ = {isa = PBXBuildFile; fileRef = B8CC8D071986D604001762FC /* InfoPlist.strings */; };
		B8CC8D0B1986D604001762FC /* MyNotesTests.m in Sources */ = {isa = PBXBuildFile; fileRef = B8CC8D0A1986D604001762FC /* MyNotesTests.m */; };
		B8CC8D161986D9E7001762FC /* Note.m in Sources */ = {isa = PBXBuildFile; fileRef = B8CC8D151986D9E7001762FC /* Note.m */; };
		B8CC8D19198B1901001762FC /* NoteStore.m in Sources */ = {isa = PBXBuildFile; fileRef = B8CC8D18198B1901001762FC /* NoteStore.m */; };
/* End PBXBuildFile section */

/* Begin PBXContainerItemProxy section */
		B8CC8D021986D604001762FC /* PBXContainerItemProxy */ = {
			isa = PBXContainerItemProxy;
			containerPortal = B8CC8CD11986D604001762FC /* Project object */;
			proxyType = 1;
			remoteGlobalIDString = B8CC8CD81986D604001762FC;
			remoteInfo = MyNotes;
		};
/* End PBXContainerItemProxy section */

/* Begin PBXFileReference section */
		B8CC8CD91986D604001762FC /* MyNotes.app */ = {isa = PBXFileReference; explicitFileType = wrapper.application; includeInIndex = 0; path = MyNotes.app; sourceTree = BUILT_PRODUCTS_DIR; };
		B8CC8CDC1986D604001762FC /* Foundation.framework */ = {isa = PBXFileReference; lastKnownFileType = wrapper.framework; name = Foundation.framework; path = System/Library/Frameworks/Foundation.framework; sourceTree = SDKROOT; };
		B8CC8CDE1986D604001762FC /* CoreGraphics.framework */ = {isa = PBXFileReference; lastKnownFileType = wrapper.framework; name = CoreGraphics.framework; path = System/Library/Frameworks/CoreGraphics.framework; sourceTree = SDKROOT; };
		B8CC8CE01986D604001762FC /* UIKit.framework */ = {isa = PBXFileReference; lastKnownFileType = wrapper.framework; name = UIKit.framework; path = System/Library/Frameworks/UIKit.framework; sourceTree = SDKROOT; };
		B8CC8CE41986D604001762FC /* MyNotes-Info.plist */ = {isa = PBXFileReference; lastKnownFileType = text.plist.xml; path = "MyNotes-Info.plist"; sourceTree = "<group>"; };
		B8CC8CE61986D604001762FC /* en */ = {isa = PBXFileReference; lastKnownFileType = text.plist.strings; name = en; path = en.lproj/InfoPlist.strings; sourceTree = "<group>"; };
		B8CC8CE81986D604001762FC /* main.m */ = {isa = PBXFileReference; lastKnownFileType = sourcecode.c.objc; path = main.m; sourceTree = "<group>"; };
		B8CC8CEA1986D604001762FC /* MyNotes-Prefix.pch */ = {isa = PBXFileReference; lastKnownFileType = sourcecode.c.h; path = "MyNotes-Prefix.pch"; sourceTree = "<group>"; };
		B8CC8CEB1986D604001762FC /* AppDelegate.h */ = {isa = PBXFileReference; lastKnownFileType = sourcecode.c.h; path = AppDelegate.h; sourceTree = "<group>"; };
		B8CC8CEC1986D604001762FC /* AppDelegate.m */ = {isa = PBXFileReference; lastKnownFileType = sourcecode.c.objc; path = AppDelegate.m; sourceTree = "<group>"; };
		B8CC8CEF1986D604001762FC /* Base */ = {isa = PBXFileReference; lastKnownFileType = file.storyboard; name = Base; path = Base.lproj/Main.storyboard; sourceTree = "<group>"; };
		B8CC8CF11986D604001762FC /* MasterViewController.h */ = {isa = PBXFileReference; lastKnownFileType = sourcecode.c.h; path = MasterViewController.h; sourceTree = "<group>"; };
		B8CC8CF21986D604001762FC /* MasterViewController.m */ = {isa = PBXFileReference; lastKnownFileType = sourcecode.c.objc; path = MasterViewController.m; sourceTree = "<group>"; };
		B8CC8CF41986D604001762FC /* DetailViewController.h */ = {isa = PBXFileReference; lastKnownFileType = sourcecode.c.h; path = DetailViewController.h; sourceTree = "<group>"; };
		B8CC8CF51986D604001762FC /* DetailViewController.m */ = {isa = PBXFileReference; lastKnownFileType = sourcecode.c.objc; path = DetailViewController.m; sourceTree = "<group>"; };
		B8CC8CF71986D604001762FC /* Images.xcassets */ = {isa = PBXFileReference; lastKnownFileType = folder.assetcatalog; path = Images.xcassets; sourceTree = "<group>"; };
		B8CC8CFD1986D604001762FC /* MyNotesTests.xctest */ = {isa = PBXFileReference; explicitFileType = wrapper.cfbundle; includeInIndex = 0; path = MyNotesTests.xctest; sourceTree = BUILT_PRODUCTS_DIR; };
		B8CC8CFE1986D604001762FC /* XCTest.framework */ = {isa = PBXFileReference; lastKnownFileType = wrapper.framework; name = XCTest.framework; path = Library/Frameworks/XCTest.framework; sourceTree = DEVELOPER_DIR; };
		B8CC8D061986D604001762FC /* MyNotesTests-Info.plist */ = {isa = PBXFileReference; lastKnownFileType = text.plist.xml; path = "MyNotesTests-Info.plist"; sourceTree = "<group>"; };
		B8CC8D081986D604001762FC /* en */ = {isa = PBXFileReference; lastKnownFileType = text.plist.strings; name = en; path = en.lproj/InfoPlist.strings; sourceTree = "<group>"; };
		B8CC8D0A1986D604001762FC /* MyNotesTests.m */ = {isa = PBXFileReference; lastKnownFileType = sourcecode.c.objc; path = MyNotesTests.m; sourceTree = "<group>"; };
		B8CC8D141986D9E7001762FC /* Note.h */ = {isa = PBXFileReference; fileEncoding = 4; lastKnownFileType = sourcecode.c.h; path = Note.h; sourceTree = "<group>"; };
		B8CC8D151986D9E7001762FC /* Note.m */ = {isa = PBXFileReference; fileEncoding = 4; lastKnownFileType = sourcecode.c.objc; path = Note.m; sourceTree = "<group>"; };
		B8CC8D17198B1901001762FC /* NoteStore.h */ = {isa = PBXFileReference; fileEncoding = 4; lastKnownFileType = sourcecode.c.h; path = NoteStore.h; sourceTree = "<group>"; };
		B8CC8D18198B1901001762FC /* NoteStore.m */ = {isa = PBXFileReference; fileEncoding = 4; lastKnownFileType = sourcecode.c.objc; path = NoteStore.m; sourceTree = "<group>"; };
/* End PBXFileReference section */

/* Begin PBXFrameworksBuildPhase section */
		B8CC8CD61986D604001762FC /* Frameworks */ = {
			isa = PBXFrameworksBuildPhase;
			buildActionMask = 2147483647;
			files = (
				B8CC8CDF1986D604001762FC /* CoreGraphics.framework in Frameworks */,
				B8CC8CE11986D604001762FC /* UIKit.framework in Frameworks */,
				B8CC8CDD1986D604001762FC /* Foundation.framework in Frameworks */,
			);
			runOnlyForDeploymentPostprocessing = 0;
		};
		B8CC8CFA1986D604001762FC /* Frameworks */ = {
			isa = PBXFrameworksBuildPhase;
			buildActionMask = 2147483647;
			files = (
				B8CC8CFF1986D604001762FC /* XCTest.framework in Frameworks */,
				B8CC8D011986D604001762FC /* UIKit.framework in Frameworks */,
				B8CC8D001986D604001762FC /* Foundation.framework in Frameworks */,
			);
			runOnlyForDeploymentPostprocessing = 0;
		};
/* End PBXFrameworksBuildPhase section */

/* Begin PBXGroup section */
		B8CC8CD01986D604001762FC = {
			isa = PBXGroup;
			children = (
				B8CC8CE21986D604001762FC /* MyNotes */,
				B8CC8D041986D604001762FC /* MyNotesTests */,
				B8CC8CDB1986D604001762FC /* Frameworks */,
				B8CC8CDA1986D604001762FC /* Products */,
			);
			sourceTree = "<group>";
		};
		B8CC8CDA1986D604001762FC /* Products */ = {
			isa = PBXGroup;
			children = (
				B8CC8CD91986D604001762FC /* MyNotes.app */,
				B8CC8CFD1986D604001762FC /* MyNotesTests.xctest */,
			);
			name = Products;
			sourceTree = "<group>";
		};
		B8CC8CDB1986D604001762FC /* Frameworks */ = {
			isa = PBXGroup;
			children = (
				B8CC8CDC1986D604001762FC /* Foundation.framework */,
				B8CC8CDE1986D604001762FC /* CoreGraphics.framework */,
				B8CC8CE01986D604001762FC /* UIKit.framework */,
				B8CC8CFE1986D604001762FC /* XCTest.framework */,
			);
			name = Frameworks;
			sourceTree = "<group>";
		};
		B8CC8CE21986D604001762FC /* MyNotes */ = {
			isa = PBXGroup;
			children = (
				B8CC8CEB1986D604001762FC /* AppDelegate.h */,
				B8CC8CEC1986D604001762FC /* AppDelegate.m */,
				B8CC8CEE1986D604001762FC /* Main.storyboard */,
				B8CC8CF11986D604001762FC /* MasterViewController.h */,
				B8CC8CF21986D604001762FC /* MasterViewController.m */,
				B8CC8CF41986D604001762FC /* DetailViewController.h */,
				B8CC8CF51986D604001762FC /* DetailViewController.m */,
				B8CC8D141986D9E7001762FC /* Note.h */,
				B8CC8D151986D9E7001762FC /* Note.m */,
				B8CC8D17198B1901001762FC /* NoteStore.h */,
				B8CC8D18198B1901001762FC /* NoteStore.m */,
				B8CC8CF71986D604001762FC /* Images.xcassets */,
				B8CC8CE31986D604001762FC /* Supporting Files */,
			);
			path = MyNotes;
			sourceTree = "<group>";
		};
		B8CC8CE31986D604001762FC /* Supporting Files */ = {
			isa = PBXGroup;
			children = (
				B8CC8CE41986D604001762FC /* MyNotes-Info.plist */,
				B8CC8CE51986D604001762FC /* InfoPlist.strings */,
				B8CC8CE81986D604001762FC /* main.m */,
				B8CC8CEA1986D604001762FC /* MyNotes-Prefix.pch */,
			);
			name = "Supporting Files";
			sourceTree = "<group>";
		};
		B8CC8D041986D604001762FC /* MyNotesTests */ = {
			isa = PBXGroup;
			children = (
				B8CC8D0A1986D604001762FC /* MyNotesTests.m */,
				B8CC8D051986D604001762FC /* Supporting Files */,
			);
			path = MyNotesTests;
			sourceTree = "<group>";
		};
		B8CC8D051986D604001762FC /* Supporting Files */ = {
			isa = PBXGroup;
			children = (
				B8CC8D061986D604001762FC /* MyNotesTests-Info.plist */,
				B8CC8D071986D604001762FC /* InfoPlist.strings */,
			);
			name = "Supporting Files";
			sourceTree = "<group>";
		};
/* End PBXGroup section */

/* Begin PBXNativeTarget section */
		B8CC8CD81986D604001762FC /* MyNotes */ = {
			isa = PBXNativeTarget;
			buildConfigurationList = B8CC8D0E1986D604001762FC /* Build configuration list for PBXNativeTarget "MyNotes" */;
			buildPhases = (
				B8CC8CD51986D604001762FC /* Sources */,
				B8CC8CD61986D604001762FC /* Frameworks */,
				B8CC8CD71986D604001762FC /* Resources */,
			);
			buildRules = (
			);
			dependencies = (
			);
			name = MyNotes;
			productName = MyNotes;
			productReference = B8CC8CD91986D604001762FC /* MyNotes.app */;
			productType = "com.apple.product-type.application";
		};
		B8CC8CFC1986D604001762FC /* MyNotesTests */ = {
			isa = PBXNativeTarget;
			buildConfigurationList = B8CC8D111986D604001762FC /* Build configuration list for PBXNativeTarget "MyNotesTests" */;
			buildPhases = (
				B8CC8CF91986D604001762FC /* Sources */,
				B8CC8CFA1986D604001762FC /* Frameworks */,
				B8CC8CFB1986D604001762FC /* Resources */,
			);
			buildRules = (
			);
			dependencies = (
				B8CC8D031986D604001762FC /* PBXTargetDependency */,
			);
			name = MyNotesTests;
			productName = MyNotesTests;
			productReference = B8CC8CFD1986D604001762FC /* MyNotesTests.xctest */;
			productType = "com.apple.product-type.bundle.unit-test";
		};
/* End PBXNativeTarget section */

/* Begin PBXProject section */
		B8CC8CD11986D604001762FC /* Project object */ = {
			isa = PBXProject;
			attributes = {
				LastUpgradeCheck = 0510;
				ORGANIZATIONNAME = "Warm Fuzzy Apps, LLC";
				TargetAttributes = {
					B8CC8CFC1986D604001762FC = {
						TestTargetID = B8CC8CD81986D604001762FC;
					};
				};
			};
			buildConfigurationList = B8CC8CD41986D604001762FC /* Build configuration list for PBXProject "MyNotes" */;
			compatibilityVersion = "Xcode 3.2";
			developmentRegion = English;
			hasScannedForEncodings = 0;
			knownRegions = (
				en,
				Base,
			);
			mainGroup = B8CC8CD01986D604001762FC;
			productRefGroup = B8CC8CDA1986D604001762FC /* Products */;
			projectDirPath = "";
			projectRoot = "";
			targets = (
				B8CC8CD81986D604001762FC /* MyNotes */,
				B8CC8CFC1986D604001762FC /* MyNotesTests */,
			);
		};
/* End PBXProject section */

/* Begin PBXResourcesBuildPhase section */
		B8CC8CD71986D604001762FC /* Resources */ = {
			isa = PBXResourcesBuildPhase;
			buildActionMask = 2147483647;
			files = (
				B8CC8CF81986D604001762FC /* Images.xcassets in Resources */,
				B8CC8CE71986D604001762FC /* InfoPlist.strings in Resources */,
				B8CC8CF01986D604001762FC /* Main.storyboard in Resources */,
			);
			runOnlyForDeploymentPostprocessing = 0;
		};
		B8CC8CFB1986D604001762FC /* Resources */ = {
			isa = PBXResourcesBuildPhase;
			buildActionMask = 2147483647;
			files = (
				B8CC8D091986D604001762FC /* InfoPlist.strings in Resources */,
			);
			runOnlyForDeploymentPostprocessing = 0;
		};
/* End PBXResourcesBuildPhase section */

/* Begin PBXSourcesBuildPhase section */
		B8CC8CD51986D604001762FC /* Sources */ = {
			isa = PBXSourcesBuildPhase;
			buildActionMask = 2147483647;
			files = (
				B8CC8D161986D9E7001762FC /* Note.m in Sources */,
				B8CC8CED1986D604001762FC /* AppDelegate.m in Sources */,
				B8CC8CF31986D604001762FC /* MasterViewController.m in Sources */,
				B8CC8D19198B1901001762FC /* NoteStore.m in Sources */,
				B8CC8CE91986D604001762FC /* main.m in Sources */,
				B8CC8CF61986D604001762FC /* DetailViewController.m in Sources */,
			);
			runOnlyForDeploymentPostprocessing = 0;
		};
		B8CC8CF91986D604001762FC /* Sources */ = {
			isa = PBXSourcesBuildPhase;
			buildActionMask = 2147483647;
			files = (
				B8CC8D0B1986D604001762FC /* MyNotesTests.m in Sources */,
			);
			runOnlyForDeploymentPostprocessing = 0;
		};
/* End PBXSourcesBuildPhase section */

/* Begin PBXTargetDependency section */
		B8CC8D031986D604001762FC /* PBXTargetDependency */ = {
			isa = PBXTargetDependency;
			target = B8CC8CD81986D604001762FC /* MyNotes */;
			targetProxy = B8CC8D021986D604001762FC /* PBXContainerItemProxy */;
		};
/* End PBXTargetDependency section */

/* Begin PBXVariantGroup section */
		B8CC8CE51986D604001762FC /* InfoPlist.strings */ = {
			isa = PBXVariantGroup;
			children = (
				B8CC8CE61986D604001762FC /* en */,
			);
			name = InfoPlist.strings;
			sourceTree = "<group>";
		};
		B8CC8CEE1986D604001762FC /* Main.storyboard */ = {
			isa = PBXVariantGroup;
			children = (
				B8CC8CEF1986D604001762FC /* Base */,
			);
			name = Main.storyboard;
			sourceTree = "<group>";
		};
		B8CC8D071986D604001762FC /* InfoPlist.strings */ = {
			isa = PBXVariantGroup;
			children = (
				B8CC8D081986D604001762FC /* en */,
			);
			name = InfoPlist.strings;
			sourceTree = "<group>";
		};
/* End PBXVariantGroup section */

/* Begin XCBuildConfiguration section */
		B8CC8D0C1986D604001762FC /* Debug */ = {
			isa = XCBuildConfiguration;
			buildSettings = {
				ALWAYS_SEARCH_USER_PATHS = NO;
				CLANG_CXX_LANGUAGE_STANDARD = "gnu++0x";
				CLANG_CXX_LIBRARY = "libc++";
				CLANG_ENABLE_MODULES = YES;
				CLANG_ENABLE_OBJC_ARC = YES;
				CLANG_WARN_BOOL_CONVERSION = YES;
				CLANG_WARN_CONSTANT_CONVERSION = YES;
				CLANG_WARN_DIRECT_OBJC_ISA_USAGE = YES_ERROR;
				CLANG_WARN_EMPTY_BODY = YES;
				CLANG_WARN_ENUM_CONVERSION = YES;
				CLANG_WARN_INT_CONVERSION = YES;
				CLANG_WARN_OBJC_ROOT_CLASS = YES_ERROR;
				CLANG_WARN__DUPLICATE_METHOD_MATCH = YES;
				"CODE_SIGN_IDENTITY[sdk=iphoneos*]" = "iPhone Developer";
				COPY_PHASE_STRIP = NO;
				GCC_C_LANGUAGE_STANDARD = gnu99;
				GCC_DYNAMIC_NO_PIC = NO;
				GCC_OPTIMIZATION_LEVEL = 0;
				GCC_PREPROCESSOR_DEFINITIONS = (
					"DEBUG=1",
					"$(inherited)",
				);
				GCC_SYMBOLS_PRIVATE_EXTERN = NO;
				GCC_WARN_64_TO_32_BIT_CONVERSION = YES;
				GCC_WARN_ABOUT_RETURN_TYPE = YES_ERROR;
				GCC_WARN_UNDECLARED_SELECTOR = YES;
				GCC_WARN_UNINITIALIZED_AUTOS = YES_AGGRESSIVE;
				GCC_WARN_UNUSED_FUNCTION = YES;
				GCC_WARN_UNUSED_VARIABLE = YES;
				IPHONEOS_DEPLOYMENT_TARGET = 7.1;
				ONLY_ACTIVE_ARCH = YES;
				SDKROOT = iphoneos;
			};
			name = Debug;
		};
		B8CC8D0D1986D604001762FC /* Release */ = {
			isa = XCBuildConfiguration;
			buildSettings = {
				ALWAYS_SEARCH_USER_PATHS = NO;
				CLANG_CXX_LANGUAGE_STANDARD = "gnu++0x";
				CLANG_CXX_LIBRARY = "libc++";
				CLANG_ENABLE_MODULES = YES;
				CLANG_ENABLE_OBJC_ARC = YES;
				CLANG_WARN_BOOL_CONVERSION = YES;
				CLANG_WARN_CONSTANT_CONVERSION = YES;
				CLANG_WARN_DIRECT_OBJC_ISA_USAGE = YES_ERROR;
				CLANG_WARN_EMPTY_BODY = YES;
				CLANG_WARN_ENUM_CONVERSION = YES;
				CLANG_WARN_INT_CONVERSION = YES;
				CLANG_WARN_OBJC_ROOT_CLASS = YES_ERROR;
				CLANG_WARN__DUPLICATE_METHOD_MATCH = YES;
				"CODE_SIGN_IDENTITY[sdk=iphoneos*]" = "iPhone Developer";
				COPY_PHASE_STRIP = YES;
				ENABLE_NS_ASSERTIONS = NO;
				GCC_C_LANGUAGE_STANDARD = gnu99;
				GCC_WARN_64_TO_32_BIT_CONVERSION = YES;
				GCC_WARN_ABOUT_RETURN_TYPE = YES_ERROR;
				GCC_WARN_UNDECLARED_SELECTOR = YES;
				GCC_WARN_UNINITIALIZED_AUTOS = YES_AGGRESSIVE;
				GCC_WARN_UNUSED_FUNCTION = YES;
				GCC_WARN_UNUSED_VARIABLE = YES;
				IPHONEOS_DEPLOYMENT_TARGET = 7.1;
				SDKROOT = iphoneos;
				VALIDATE_PRODUCT = YES;
			};
			name = Release;
		};
		B8CC8D0F1986D604001762FC /* Debug */ = {
			isa = XCBuildConfiguration;
			buildSettings = {
				ASSETCATALOG_COMPILER_APPICON_NAME = AppIcon;
				ASSETCATALOG_COMPILER_LAUNCHIMAGE_NAME = LaunchImage;
				GCC_PRECOMPILE_PREFIX_HEADER = YES;
				GCC_PREFIX_HEADER = "MyNotes/MyNotes-Prefix.pch";
				INFOPLIST_FILE = "MyNotes/MyNotes-Info.plist";
				PRODUCT_NAME = "$(TARGET_NAME)";
				WRAPPER_EXTENSION = app;
			};
			name = Debug;
		};
		B8CC8D101986D604001762FC /* Release */ = {
			isa = XCBuildConfiguration;
			buildSettings = {
				ASSETCATALOG_COMPILER_APPICON_NAME = AppIcon;
				ASSETCATALOG_COMPILER_LAUNCHIMAGE_NAME = LaunchImage;
				GCC_PRECOMPILE_PREFIX_HEADER = YES;
				GCC_PREFIX_HEADER = "MyNotes/MyNotes-Prefix.pch";
				INFOPLIST_FILE = "MyNotes/MyNotes-Info.plist";
				PRODUCT_NAME = "$(TARGET_NAME)";
				WRAPPER_EXTENSION = app;
			};
			name = Release;
		};
		B8CC8D121986D604001762FC /* Debug */ = {
			isa = XCBuildConfiguration;
			buildSettings = {
				BUNDLE_LOADER = "$(BUILT_PRODUCTS_DIR)/MyNotes.app/MyNotes";
				FRAMEWORK_SEARCH_PATHS = (
					"$(SDKROOT)/Developer/Library/Frameworks",
					"$(inherited)",
					"$(DEVELOPER_FRAMEWORKS_DIR)",
				);
				GCC_PRECOMPILE_PREFIX_HEADER = YES;
				GCC_PREFIX_HEADER = "MyNotes/MyNotes-Prefix.pch";
				GCC_PREPROCESSOR_DEFINITIONS = (
					"DEBUG=1",
					"$(inherited)",
				);
				INFOPLIST_FILE = "MyNotesTests/MyNotesTests-Info.plist";
				PRODUCT_NAME = "$(TARGET_NAME)";
				TEST_HOST = "$(BUNDLE_LOADER)";
				WRAPPER_EXTENSION = xctest;
			};
			name = Debug;
		};
		B8CC8D131986D604001762FC /* Release */ = {
			isa = XCBuildConfiguration;
			buildSettings = {
				BUNDLE_LOADER = "$(BUILT_PRODUCTS_DIR)/MyNotes.app/MyNotes";
				FRAMEWORK_SEARCH_PATHS = (
					"$(SDKROOT)/Developer/Library/Frameworks",
					"$(inherited)",
					"$(DEVELOPER_FRAMEWORKS_DIR)",
				);
				GCC_PRECOMPILE_PREFIX_HEADER = YES;
				GCC_PREFIX_HEADER = "MyNotes/MyNotes-Prefix.pch";
				INFOPLIST_FILE = "MyNotesTests/MyNotesTests-Info.plist";
				PRODUCT_NAME = "$(TARGET_NAME)";
				TEST_HOST = "$(BUNDLE_LOADER)";
				WRAPPER_EXTENSION = xctest;
			};
			name = Release;
		};
/* End XCBuildConfiguration section */

/* Begin XCConfigurationList section */
		B8CC8CD41986D604001762FC /* Build configuration list for PBXProject "MyNotes" */ = {
			isa = XCConfigurationList;
			buildConfigurations = (
				B8CC8D0C1986D604001762FC /* Debug */,
				B8CC8D0D1986D604001762FC /* Release */,
			);
			defaultConfigurationIsVisible = 0;
			defaultConfigurationName = Release;
		};
		B8CC8D0E1986D604001762FC /* Build configuration list for PBXNativeTarget "MyNotes" */ = {
			isa = XCConfigurationList;
			buildConfigurations = (
				B8CC8D0F1986D604001762FC /* Debug */,
				B8CC8D101986D604001762FC /* Release */,
			);
			defaultConfigurationIsVisible = 0;
			defaultConfigurationName = Release;
		};
		B8CC8D111986D604001762FC /* Build configuration list for PBXNativeTarget "MyNotesTests" */ = {
			isa = XCConfigurationList;
			buildConfigurations = (
				B8CC8D121986D604001762FC /* Debug */,
				B8CC8D131986D604001762FC /* Release */,
			);
			defaultConfigurationIsVisible = 0;
			defaultConfigurationName = Release;
		};
/* End XCConfigurationList section */
	};
	rootObject = B8CC8CD11986D604001762FC /* Project object */;
}
